
Microsoft Visual Studio Solution File, Format Version 12.00
# Visual Studio Version 17
VisualStudioVersion = 17.0.32014.148
MinimumVisualStudioVersion = 10.0.40219.1
Project("{FAE04EC0-301F-11D3-BF4B-00C04F79EFBC}") = "LINQ_Project", "LINQ_Project\LINQ_Project.csproj", "{1919D5DA-FA43-496B-8133-2B0CB2A664DD}"
EndProject
Global
	GlobalSection(SolutionConfigurationPlatforms) = preSolution
		Debug|Any CPU = Debug|Any CPU
		Release|Any CPU = Release|Any CPU
	EndGlobalSection
	GlobalSection(ProjectConfigurationPlatforms) = postSolution
		{1919D5DA-FA43-496B-8133-2B0CB2A664DD}.Debug|Any CPU.ActiveCfg = Debug|Any CPU
		{1919D5DA-FA43-496B-8133-2B0CB2A664DD}.Debug|Any CPU.Build.0 = Debug|Any CPU
		{1919D5DA-FA43-496B-8133-2B0CB2A664DD}.Release|Any CPU.ActiveCfg = Release|Any CPU
		{1919D5DA-FA43-496B-8133-2B0CB2A664DD}.Release|Any CPU.Build.0 = Release|Any CPU
	EndGlobalSection
	GlobalSection(SolutionProperties) = preSolution
		HideSolutionNode = FALSE
	EndGlobalSection
	GlobalSection(ExtensibilityGlobals) = postSolution
		SolutionGuid = {472EFC61-D926-4CD7-8B39-4EF0EA36A8CD}
	EndGlobalSection
EndGlobal
